
Microsoft Visual Studio Solution File, Format Version 12.00
# Visual Studio 15
VisualStudioVersion = 15.0.27130.2027
MinimumVisualStudioVersion = 10.0.40219.1
Project("{FAE04EC0-301F-11D3-BF4B-00C04F79EFBC}") = "Zur", "Zur\Zur.csproj", "{8D8E102C-8565-4885-BDA2-C99C263136DC}"
EndProject
Project("{FAE04EC0-301F-11D3-BF4B-00C04F79EFBC}") = "Zur.Common", "Zur.Common\Zur.Common.csproj", "{B00E66A9-EF82-44B3-ACB6-3EE863528B47}"
EndProject
Project("{FAE04EC0-301F-11D3-BF4B-00C04F79EFBC}") = "Zur.Provider", "Zur.Provider\Zur.Provider.csproj", "{BB667276-1398-4F37-9B30-A1173F0AC642}"
EndProject
Project("{FAE04EC0-301F-11D3-BF4B-00C04F79EFBC}") = "Zur.Entity", "Zur.Entity\Zur.Entity.csproj", "{9AA5A588-7F98-4FD6-B4B9-2333A8CF52D0}"
EndProject
Project("{FAE04EC0-301F-11D3-BF4B-00C04F79EFBC}") = "Zur.Service", "Zur.Service\Zur.Service.csproj", "{EE8F1BED-79C0-4099-B05A-B6231EE6B72F}"
EndProject
Global
	GlobalSection(SolutionConfigurationPlatforms) = preSolution
		Debug|Any CPU = Debug|Any CPU
		Release|Any CPU = Release|Any CPU
	EndGlobalSection
	GlobalSection(ProjectConfigurationPlatforms) = postSolution
		{8D8E102C-8565-4885-BDA2-C99C263136DC}.Debug|Any CPU.ActiveCfg = Debug|Any CPU
		{8D8E102C-8565-4885-BDA2-C99C263136DC}.Debug|Any CPU.Build.0 = Debug|Any CPU
		{8D8E102C-8565-4885-BDA2-C99C263136DC}.Release|Any CPU.ActiveCfg = Release|Any CPU
		{8D8E102C-8565-4885-BDA2-C99C263136DC}.Release|Any CPU.Build.0 = Release|Any CPU
		{B00E66A9-EF82-44B3-ACB6-3EE863528B47}.Debug|Any CPU.ActiveCfg = Debug|Any CPU
		{B00E66A9-EF82-44B3-ACB6-3EE863528B47}.Debug|Any CPU.Build.0 = Debug|Any CPU
		{B00E66A9-EF82-44B3-ACB6-3EE863528B47}.Release|Any CPU.ActiveCfg = Release|Any CPU
		{B00E66A9-EF82-44B3-ACB6-3EE863528B47}.Release|Any CPU.Build.0 = Release|Any CPU
		{BB667276-1398-4F37-9B30-A1173F0AC642}.Debug|Any CPU.ActiveCfg = Debug|Any CPU
		{BB667276-1398-4F37-9B30-A1173F0AC642}.Debug|Any CPU.Build.0 = Debug|Any CPU
		{BB667276-1398-4F37-9B30-A1173F0AC642}.Release|Any CPU.ActiveCfg = Release|Any CPU
		{BB667276-1398-4F37-9B30-A1173F0AC642}.Release|Any CPU.Build.0 = Release|Any CPU
		{9AA5A588-7F98-4FD6-B4B9-2333A8CF52D0}.Debug|Any CPU.ActiveCfg = Debug|Any CPU
		{9AA5A588-7F98-4FD6-B4B9-2333A8CF52D0}.Debug|Any CPU.Build.0 = Debug|Any CPU
		{9AA5A588-7F98-4FD6-B4B9-2333A8CF52D0}.Release|Any CPU.ActiveCfg = Release|Any CPU
		{9AA5A588-7F98-4FD6-B4B9-2333A8CF52D0}.Release|Any CPU.Build.0 = Release|Any CPU
		{EE8F1BED-79C0-4099-B05A-B6231EE6B72F}.Debug|Any CPU.ActiveCfg = Debug|Any CPU
		{EE8F1BED-79C0-4099-B05A-B6231EE6B72F}.Debug|Any CPU.Build.0 = Debug|Any CPU
		{EE8F1BED-79C0-4099-B05A-B6231EE6B72F}.Release|Any CPU.ActiveCfg = Release|Any CPU
		{EE8F1BED-79C0-4099-B05A-B6231EE6B72F}.Release|Any CPU.Build.0 = Release|Any CPU
	EndGlobalSection
	GlobalSection(SolutionProperties) = preSolution
		HideSolutionNode = FALSE
	EndGlobalSection
	GlobalSection(ExtensibilityGlobals) = postSolution
		SolutionGuid = {698B2B92-B688-4A48-B942-2CE747E17F7E}
	EndGlobalSection
EndGlobal
